
Microsoft Visual Studio Solution File, Format Version 12.00
# Visual Studio 15
VisualStudioVersion = 15.0.28306.52
MinimumVisualStudioVersion = 10.0.40219.1
Project("{8BC9CEB8-8B4A-11D0-8D11-00A0C91BC942}") = "rust-sphere-hello", "hello\rust-sphere-hello.vcxproj", "{3CC64349-6251-4F4D-A3B6-A3F8D430C645}"
EndProject
Global
	GlobalSection(SolutionConfigurationPlatforms) = preSolution
		Debug|ARM = Debug|ARM
		Release|ARM = Release|ARM
	EndGlobalSection
	GlobalSection(ProjectConfigurationPlatforms) = postSolution
		{3CC64349-6251-4F4D-A3B6-A3F8D430C645}.Debug|ARM.ActiveCfg = Debug|ARM
		{3CC64349-6251-4F4D-A3B6-A3F8D430C645}.Debug|ARM.Build.0 = Debug|ARM
		{3CC64349-6251-4F4D-A3B6-A3F8D430C645}.Release|ARM.ActiveCfg = Release|ARM
		{3CC64349-6251-4F4D-A3B6-A3F8D430C645}.Release|ARM.Build.0 = Release|ARM
	EndGlobalSection
	GlobalSection(SolutionProperties) = preSolution
		HideSolutionNode = FALSE
	EndGlobalSection
	GlobalSection(ExtensibilityGlobals) = postSolution
		SolutionGuid = {654D534F-33F9-4355-B942-2235053E2E1A}
	EndGlobalSection
EndGlobal
